
Microsoft Visual Studio Solution File, Format Version 12.00
# Visual Studio Version 16
VisualStudioVersion = 16.0.32228.343
MinimumVisualStudioVersion = 10.0.40219.1
Project("{FAE04EC0-301F-11D3-BF4B-00C04F79EFBC}") = "ontapbai8", "ontapbai8.csproj", "{3B162C70-B717-47F1-B1DD-1A1A99AD2E4A}"
EndProject
Global
	GlobalSection(SolutionConfigurationPlatforms) = preSolution
		Debug|Any CPU = Debug|Any CPU
		Release|Any CPU = Release|Any CPU
	EndGlobalSection
	GlobalSection(ProjectConfigurationPlatforms) = postSolution
		{3B162C70-B717-47F1-B1DD-1A1A99AD2E4A}.Debug|Any CPU.ActiveCfg = Debug|Any CPU
		{3B162C70-B717-47F1-B1DD-1A1A99AD2E4A}.Debug|Any CPU.Build.0 = Debug|Any CPU
		{3B162C70-B717-47F1-B1DD-1A1A99AD2E4A}.Release|Any CPU.ActiveCfg = Release|Any CPU
		{3B162C70-B717-47F1-B1DD-1A1A99AD2E4A}.Release|Any CPU.Build.0 = Release|Any CPU
	EndGlobalSection
	GlobalSection(SolutionProperties) = preSolution
		HideSolutionNode = FALSE
	EndGlobalSection
	GlobalSection(ExtensibilityGlobals) = postSolution
		SolutionGuid = {E2F7C34F-5DAE-4328-8E81-3F39070E93C7}
	EndGlobalSection
EndGlobal
