
Microsoft Visual Studio Solution File, Format Version 12.00
# Visual Studio Version 16
VisualStudioVersion = 16.0.31402.337
MinimumVisualStudioVersion = 10.0.40219.1
Project("{FAE04EC0-301F-11D3-BF4B-00C04F79EFBC}") = "NguyenDangKhanh", "NguyenDangKhanh.csproj", "{12A3DBAE-71F4-4FAB-B97C-9D5BBD1B4B42}"
EndProject
Global
	GlobalSection(SolutionConfigurationPlatforms) = preSolution
		Debug|Any CPU = Debug|Any CPU
		Release|Any CPU = Release|Any CPU
	EndGlobalSection
	GlobalSection(ProjectConfigurationPlatforms) = postSolution
		{12A3DBAE-71F4-4FAB-B97C-9D5BBD1B4B42}.Debug|Any CPU.ActiveCfg = Debug|Any CPU
		{12A3DBAE-71F4-4FAB-B97C-9D5BBD1B4B42}.Debug|Any CPU.Build.0 = Debug|Any CPU
		{12A3DBAE-71F4-4FAB-B97C-9D5BBD1B4B42}.Release|Any CPU.ActiveCfg = Release|Any CPU
		{12A3DBAE-71F4-4FAB-B97C-9D5BBD1B4B42}.Release|Any CPU.Build.0 = Release|Any CPU
	EndGlobalSection
	GlobalSection(SolutionProperties) = preSolution
		HideSolutionNode = FALSE
	EndGlobalSection
	GlobalSection(ExtensibilityGlobals) = postSolution
		SolutionGuid = {DE2E212E-0CA8-4CB1-BC81-953C556F5A6C}
	EndGlobalSection
EndGlobal
