
Microsoft Visual Studio Solution File, Format Version 12.00
# Visual Studio Version 16
VisualStudioVersion = 16.0.31402.337
MinimumVisualStudioVersion = 10.0.40219.1
Project("{FAE04EC0-301F-11D3-BF4B-00C04F79EFBC}") = "NguyenDangKhanh", "NguyenDangKhanh\NguyenDangKhanh.csproj", "{D058941B-EBC3-41B6-88B5-24C8AB429C1D}"
EndProject
Global
	GlobalSection(SolutionConfigurationPlatforms) = preSolution
		Debug|Any CPU = Debug|Any CPU
		Release|Any CPU = Release|Any CPU
	EndGlobalSection
	GlobalSection(ProjectConfigurationPlatforms) = postSolution
		{D058941B-EBC3-41B6-88B5-24C8AB429C1D}.Debug|Any CPU.ActiveCfg = Debug|Any CPU
		{D058941B-EBC3-41B6-88B5-24C8AB429C1D}.Debug|Any CPU.Build.0 = Debug|Any CPU
		{D058941B-EBC3-41B6-88B5-24C8AB429C1D}.Release|Any CPU.ActiveCfg = Release|Any CPU
		{D058941B-EBC3-41B6-88B5-24C8AB429C1D}.Release|Any CPU.Build.0 = Release|Any CPU
	EndGlobalSection
	GlobalSection(SolutionProperties) = preSolution
		HideSolutionNode = FALSE
	EndGlobalSection
	GlobalSection(ExtensibilityGlobals) = postSolution
		SolutionGuid = {3D761F3E-2D3C-4A7D-A60C-E03C5345AFE9}
	EndGlobalSection
EndGlobal
