
Microsoft Visual Studio Solution File, Format Version 12.00
# Visual Studio Version 16
VisualStudioVersion = 16.0.32228.343
MinimumVisualStudioVersion = 10.0.40219.1
Project("{FAE04EC0-301F-11D3-BF4B-00C04F79EFBC}") = "ontapbai9", "ontapbai9.csproj", "{95152B74-9614-4D89-AE24-7C0EEA4D0F77}"
EndProject
Global
	GlobalSection(SolutionConfigurationPlatforms) = preSolution
		Debug|Any CPU = Debug|Any CPU
		Release|Any CPU = Release|Any CPU
	EndGlobalSection
	GlobalSection(ProjectConfigurationPlatforms) = postSolution
		{95152B74-9614-4D89-AE24-7C0EEA4D0F77}.Debug|Any CPU.ActiveCfg = Debug|Any CPU
		{95152B74-9614-4D89-AE24-7C0EEA4D0F77}.Debug|Any CPU.Build.0 = Debug|Any CPU
		{95152B74-9614-4D89-AE24-7C0EEA4D0F77}.Release|Any CPU.ActiveCfg = Release|Any CPU
		{95152B74-9614-4D89-AE24-7C0EEA4D0F77}.Release|Any CPU.Build.0 = Release|Any CPU
	EndGlobalSection
	GlobalSection(SolutionProperties) = preSolution
		HideSolutionNode = FALSE
	EndGlobalSection
	GlobalSection(ExtensibilityGlobals) = postSolution
		SolutionGuid = {F2804AD9-C991-4F7E-90FA-D44209765209}
	EndGlobalSection
EndGlobal
